
Microsoft Visual Studio Solution File, Format Version 12.00
# Visual Studio Version 17
VisualStudioVersion = 17.7.34009.444
MinimumVisualStudioVersion = 10.0.40219.1
Project("{FAE04EC0-301F-11D3-BF4B-00C04F79EFBC}") = "SchemaLoader", "SchemaLoader\SchemaLoader.csproj", "{B99DBFFA-AB90-45E7-B2F0-E8329CA0B901}"
EndProject
Global
	GlobalSection(SolutionConfigurationPlatforms) = preSolution
		Debug|Any CPU = Debug|Any CPU
		Release|Any CPU = Release|Any CPU
	EndGlobalSection
	GlobalSection(ProjectConfigurationPlatforms) = postSolution
		{B99DBFFA-AB90-45E7-B2F0-E8329CA0B901}.Debug|Any CPU.ActiveCfg = Debug|Any CPU
		{B99DBFFA-AB90-45E7-B2F0-E8329CA0B901}.Debug|Any CPU.Build.0 = Debug|Any CPU
		{B99DBFFA-AB90-45E7-B2F0-E8329CA0B901}.Release|Any CPU.ActiveCfg = Release|Any CPU
		{B99DBFFA-AB90-45E7-B2F0-E8329CA0B901}.Release|Any CPU.Build.0 = Release|Any CPU
	EndGlobalSection
	GlobalSection(SolutionProperties) = preSolution
		HideSolutionNode = FALSE
	EndGlobalSection
	GlobalSection(ExtensibilityGlobals) = postSolution
		SolutionGuid = {D20F3DF1-DCCC-4051-B465-62F78FECF2C5}
	EndGlobalSection
EndGlobal
